// !$*UTF8*$!
{
	archiveVersion = 1;
	classes = {
	};
	objectVersion = 77;
	objects = {

/* Begin PBXBuildFile section */
		46093498305D482500692A9C /* README.md in Resources */ = {isa = PBXBuildFile; fileRef = 46093497305D482500692A9C /* README.md */; };
/* End PBXBuildFile section */

/* Begin PBXContainerItemProxy section */
		467E520B3059992F00EDD734 /* PBXContainerItemProxy */ = {
			isa = PBXContainerItemProxy;
			containerPortal = 467E51F33059992E00EDD734 /* Project object */;
			proxyType = 1;
			remoteGlobalIDString = 467E51FA3059992E00EDD734;
			remoteInfo = ShelfRow;
		};
		467E52153059992F00EDD734 /* PBXContainerItemProxy */ = {
			isa = PBXContainerItemProxy;
			containerPortal = 467E51F33059992E00EDD734 /* Project object */;
			proxyType = 1;
			remoteGlobalIDString = 467E51FA3059992E00EDD734;
			remoteInfo = ShelfRow;
		};
/* End PBXContainerItemProxy section */

/* Begin PBXFileReference section */
		46093497305D482500692A9C /* README.md */ = {isa = PBXFileReference; lastKnownFileType = net.daringfireball.markdown; path = README.md; sourceTree = "<group>"; };
		467E51FB3059992E00EDD734 /* ShelfRow.app */ = {isa = PBXFileReference; explicitFileType = wrapper.application; includeInIndex = 0; path = ShelfRow.app; sourceTree = BUILT_PRODUCTS_DIR; };
		467E520A3059992F00EDD734 /* ShelfRowTests.xctest */ = {isa = PBXFileReference; explicitFileType = wrapper.cfbundle; includeInIndex = 0; path = ShelfRowTests.xctest; sourceTree = BUILT_PRODUCTS_DIR; };
		467E52143059992F00EDD734 /* ShelfRowUITests.xctest */ = {isa = PBXFileReference; explicitFileType = wrapper.cfbundle; includeInIndex = 0; path = ShelfRowUITests.xctest; sourceTree = BUILT_PRODUCTS_DIR; };
		467E523A3059A51200EDD734 /* design_document.md */ = {isa = PBXFileReference; lastKnownFileType = net.daringfireball.markdown; path = design_document.md; sourceTree = "<group>"; };
		467E52403059AAB400EDD734 /* update_history.md */ = {isa = PBXFileReference; lastKnownFileType = net.daringfireball.markdown; path = update_history.md; sourceTree = "<group>"; };
/* End PBXFileReference section */

/* Begin PBXFileSystemSynchronizedRootGroup section */
		467E51FD3059992E00EDD734 /* ShelfRow */ = {
			isa = PBXFileSystemSynchronizedRootGroup;
			path = ShelfRow;
			sourceTree = "<group>";
		};
		467E520D3059992F00EDD734 /* ShelfRowTests */ = {
			isa = PBXFileSystemSynchronizedRootGroup;
			path = ShelfRowTests;
			sourceTree = "<group>";
		};
		467E52173059992F00EDD734 /* ShelfRowUITests */ = {
			isa = PBXFileSystemSynchronizedRootGroup;
			path = ShelfRowUITests;
			sourceTree = "<group>";
		};
/* End PBXFileSystemSynchronizedRootGroup section */

/* Begin PBXFrameworksBuildPhase section */
		467E51F83059992E00EDD734 /* Frameworks */ = {
			isa = PBXFrameworksBuildPhase;
			buildActionMask = 2147483647;
			files = (
			);
			runOnlyForDeploymentPostprocessing = 0;
		};
		467E52073059992F00EDD734 /* Frameworks */ = {
			isa = PBXFrameworksBuildPhase;
			buildActionMask = 2147483647;
			files = (
			);
			runOnlyForDeploymentPostprocessing = 0;
		};
		467E52113059992F00EDD734 /* Frameworks */ = {
			isa = PBXFrameworksBuildPhase;
			buildActionMask = 2147483647;
			files = (
			);
			runOnlyForDeploymentPostprocessing = 0;
		};
/* End PBXFrameworksBuildPhase section */

/* Begin PBXGroup section */
		467E51F23059992E00EDD734 = {
			isa = PBXGroup;
			children = (
				467E51FD3059992E00EDD734 /* ShelfRow */,
				467E520D3059992F00EDD734 /* ShelfRowTests */,
				467E52173059992F00EDD734 /* ShelfRowUITests */,
				467E51FC3059992E00EDD734 /* Products */,
				467E523B3059A51200EDD734 /* documents */,
				46093497305D482500692A9C /* README.md */,
			);
			sourceTree = "<group>";
		};
		467E51FC3059992E00EDD734 /* Products */ = {
			isa = PBXGroup;
			children = (
				467E51FB3059992E00EDD734 /* ShelfRow.app */,
				467E520A3059992F00EDD734 /* ShelfRowTests.xctest */,
				467E52143059992F00EDD734 /* ShelfRowUITests.xctest */,
			);
			name = Products;
			sourceTree = "<group>";
		};
		467E523B3059A51200EDD734 /* documents */ = {
			isa = PBXGroup;
			children = (
				467E523A3059A51200EDD734 /* design_document.md */,
				467E52403059AAB400EDD734 /* update_history.md */,
			);
			path = documents;
			sourceTree = "<group>";
		};
/* End PBXGroup section */

/* Begin PBXNativeTarget section */
		467E51FA3059992E00EDD734 /* ShelfRow */ = {
			isa = PBXNativeTarget;
			buildConfigurationList = 467E521E3059992F00EDD734 /* Build configuration list for PBXNativeTarget "ShelfRow" */;
			buildPhases = (
				467E51F73059992E00EDD734 /* Sources */,
				467E51F83059992E00EDD734 /* Frameworks */,
				467E51F93059992E00EDD734 /* Resources */,
			);
			buildRules = (
			);
			dependencies = (
			);
			fileSystemSynchronizedGroups = (
				467E51FD3059992E00EDD734 /* ShelfRow */,
			);
			name = ShelfRow;
			packageProductDependencies = (
			);
			productName = ShelfRow;
			productReference = 467E51FB3059992E00EDD734 /* ShelfRow.app */;
			productType = "com.apple.product-type.application";
		};
		467E52093059992F00EDD734 /* ShelfRowTests */ = {
			isa = PBXNativeTarget;
			buildConfigurationList = 467E52213059992F00EDD734 /* Build configuration list for PBXNativeTarget "ShelfRowTests" */;
			buildPhases = (
				467E52063059992F00EDD734 /* Sources */,
				467E52073059992F00EDD734 /* Frameworks */,
				467E52083059992F00EDD734 /* Resources */,
			);
			buildRules = (
			);
			dependencies = (
				467E520C3059992F00EDD734 /* PBXTargetDependency */,
			);
			fileSystemSynchronizedGroups = (
				467E520D3059992F00EDD734 /* ShelfRowTests */,
			);
			name = ShelfRowTests;
			packageProductDependencies = (
			);
			productName = ShelfRowTests;
			productReference = 467E520A3059992F00EDD734 /* ShelfRowTests.xctest */;
			productType = "com.apple.product-type.bundle.unit-test";
		};
		467E52133059992F00EDD734 /* ShelfRowUITests */ = {
			isa = PBXNativeTarget;
			buildConfigurationList = 467E52243059992F00EDD734 /* Build configuration list for PBXNativeTarget "ShelfRowUITests" */;
			buildPhases = (
				467E52103059992F00EDD734 /* Sources */,
				467E52113059992F00EDD734 /* Frameworks */,
				467E52123059992F00EDD734 /* Resources */,
			);
			buildRules = (
			);
			dependencies = (
				467E52163059992F00EDD734 /* PBXTargetDependency */,
			);
			fileSystemSynchronizedGroups = (
				467E52173059992F00EDD734 /* ShelfRowUITests */,
			);
			name = ShelfRowUITests;
			packageProductDependencies = (
			);
			productName = ShelfRowUITests;
			productReference = 467E52143059992F00EDD734 /* ShelfRowUITests.xctest */;
			productType = "com.apple.product-type.bundle.ui-testing";
		};
/* End PBXNativeTarget section */

/* Begin PBXProject section */
		467E51F33059992E00EDD734 /* Project object */ = {
			isa = PBXProject;
			attributes = {
				BuildIndependentTargetsInParallel = 1;
				LastSwiftUpdateCheck = 2660;
				LastUpgradeCheck = 2660;
				TargetAttributes = {
					467E51FA3059992E00EDD734 = {
						CreatedOnToolsVersion = 26.6;
					};
					467E52093059992F00EDD734 = {
						CreatedOnToolsVersion = 26.6;
						TestTargetID = 467E51FA3059992E00EDD734;
					};
					467E52133059992F00EDD734 = {
						CreatedOnToolsVersion = 26.6;
						TestTargetID = 467E51FA3059992E00EDD734;
					};
				};
			};
			buildConfigurationList = 467E51F63059992E00EDD734 /* Build configuration list for PBXProject "ShelfRow" */;
			developmentRegion = en;
			hasScannedForEncodings = 0;
			knownRegions = (
				en,
				Base,
			);
			mainGroup = 467E51F23059992E00EDD734;
			minimizedProjectReferenceProxies = 1;
			preferredProjectObjectVersion = 77;
			productRefGroup = 467E51FC3059992E00EDD734 /* Products */;
			projectDirPath = "";
			projectRoot = "";
			targets = (
				467E51FA3059992E00EDD734 /* ShelfRow */,
				467E52093059992F00EDD734 /* ShelfRowTests */,
				467E52133059992F00EDD734 /* ShelfRowUITests */,
			);
		};
/* End PBXProject section */

/* Begin PBXResourcesBuildPhase section */
		467E51F93059992E00EDD734 /* Resources */ = {
			isa = PBXResourcesBuildPhase;
			buildActionMask = 2147483647;
			files = (
				46093498305D482500692A9C /* README.md in Resources */,
			);
			runOnlyForDeploymentPostprocessing = 0;
		};
		467E52083059992F00EDD734 /* Resources */ = {
			isa = PBXResourcesBuildPhase;
			buildActionMask = 2147483647;
			files = (
			);
			runOnlyForDeploymentPostprocessing = 0;
		};
		467E52123059992F00EDD734 /* Resources */ = {
			isa = PBXResourcesBuildPhase;
			buildActionMask = 2147483647;
			files = (
			);
			runOnlyForDeploymentPostprocessing = 0;
		};
/* End PBXResourcesBuildPhase section */

/* Begin PBXSourcesBuildPhase section */
		467E51F73059992E00EDD734 /* Sources */ = {
			isa = PBXSourcesBuildPhase;
			buildActionMask = 2147483647;
			files = (
			);
			runOnlyForDeploymentPostprocessing = 0;
		};
		467E52063059992F00EDD734 /* Sources */ = {
			isa = PBXSourcesBuildPhase;
			buildActionMask = 2147483647;
			files = (
			);
			runOnlyForDeploymentPostprocessing = 0;
		};
		467E52103059992F00EDD734 /* Sources */ = {
			isa = PBXSourcesBuildPhase;
			buildActionMask = 2147483647;
			files = (
			);
			runOnlyForDeploymentPostprocessing = 0;
		};
/* End PBXSourcesBuildPhase section */

/* Begin PBXTargetDependency section */
		467E520C3059992F00EDD734 /* PBXTargetDependency */ = {
			isa = PBXTargetDependency;
			target = 467E51FA3059992E00EDD734 /* ShelfRow */;
			targetProxy = 467E520B3059992F00EDD734 /* PBXContainerItemProxy */;
		};
		467E52163059992F00EDD734 /* PBXTargetDependency */ = {
			isa = PBXTargetDependency;
			target = 467E51FA3059992E00EDD734 /* ShelfRow */;
			targetProxy = 467E52153059992F00EDD734 /* PBXContainerItemProxy */;
		};
/* End PBXTargetDependency section */

/* Begin XCBuildConfiguration section */
		467E521C3059992F00EDD734 /* Debug */ = {
			isa = XCBuildConfiguration;
			buildSettings = {
				ALWAYS_SEARCH_USER_PATHS = NO;
				ASSETCATALOG_COMPILER_GENERATE_SWIFT_ASSET_SYMBOL_EXTENSIONS = YES;
				DEVELOPMENT_TEAM = 27V9B5N9MF;
				CLANG_ANALYZER_NONNULL = YES;
				CLANG_ANALYZER_NUMBER_OBJECT_CONVERSION = YES_AGGRESSIVE;
				CLANG_CXX_LANGUAGE_STANDARD = "gnu++20";
				CLANG_ENABLE_MODULES = YES;
				CLANG_ENABLE_OBJC_ARC = YES;
				CLANG_ENABLE_OBJC_WEAK = YES;
				CLANG_WARN_BLOCK_CAPTURE_AUTORELEASING = YES;
				CLANG_WARN_BOOL_CONVERSION = YES;
				CLANG_WARN_COMMA = YES;
				CLANG_WARN_CONSTANT_CONVERSION = YES;
				CLANG_WARN_DEPRECATED_OBJC_IMPLEMENTATIONS = YES;
				CLANG_WARN_DIRECT_OBJC_ISA_USAGE = YES_ERROR;
				CLANG_WARN_DOCUMENTATION_COMMENTS = YES;
				CLANG_WARN_EMPTY_BODY = YES;
				CLANG_WARN_ENUM_CONVERSION = YES;
				CLANG_WARN_INFINITE_RECURSION = YES;
				CLANG_WARN_INT_CONVERSION = YES;
				CLANG_WARN_NON_LITERAL_NULL_CONVERSION = YES;
				CLANG_WARN_OBJC_IMPLICIT_RETAIN_SELF = YES;
				CLANG_WARN_OBJC_LITERAL_CONVERSION = YES;
				CLANG_WARN_OBJC_ROOT_CLASS = YES_ERROR;
				CLANG_WARN_QUOTED_INCLUDE_IN_FRAMEWORK_HEADER = YES;
				CLANG_WARN_RANGE_LOOP_ANALYSIS = YES;
				CLANG_WARN_STRICT_PROTOTYPES = YES;
				CLANG_WARN_SUSPICIOUS_MOVE = YES;
				CLANG_WARN_UNGUARDED_AVAILABILITY = YES_AGGRESSIVE;
				CLANG_WARN_UNREACHABLE_CODE = YES;
				CLANG_WARN__DUPLICATE_METHOD_MATCH = YES;
				COPY_PHASE_STRIP = NO;
				DEBUG_INFORMATION_FORMAT = dwarf;
				ENABLE_STRICT_OBJC_MSGSEND = YES;
				ENABLE_TESTABILITY = YES;
				ENABLE_USER_SCRIPT_SANDBOXING = YES;
				GCC_C_LANGUAGE_STANDARD = gnu17;
				GCC_DYNAMIC_NO_PIC = NO;
				GCC_NO_COMMON_BLOCKS = YES;
				GCC_OPTIMIZATION_LEVEL = 0;
				GCC_PREPROCESSOR_DEFINITIONS = (
					"DEBUG=1",
					"$(inherited)",
				);
				GCC_WARN_64_TO_32_BIT_CONVERSION = YES;
				GCC_WARN_ABOUT_RETURN_TYPE = YES_ERROR;
				GCC_WARN_UNDECLARED_SELECTOR = YES;
				GCC_WARN_UNINITIALIZED_AUTOS = YES_AGGRESSIVE;
				GCC_WARN_UNUSED_FUNCTION = YES;
				GCC_WARN_UNUSED_VARIABLE = YES;
				LOCALIZATION_PREFERS_STRING_CATALOGS = YES;
				MACOSX_DEPLOYMENT_TARGET = 26.5;
				MTL_ENABLE_DEBUG_INFO = INCLUDE_SOURCE;
				MTL_FAST_MATH = YES;
				ONLY_ACTIVE_ARCH = YES;
				SDKROOT = macosx;
				SWIFT_ACTIVE_COMPILATION_CONDITIONS = "DEBUG $(inherited)";
				SWIFT_OPTIMIZATION_LEVEL = "-Onone";
			};
			name = Debug;
		};
		467E521D3059992F00EDD734 /* Release */ = {
			isa = XCBuildConfiguration;
			buildSettings = {
				ALWAYS_SEARCH_USER_PATHS = NO;
				ASSETCATALOG_COMPILER_GENERATE_SWIFT_ASSET_SYMBOL_EXTENSIONS = YES;
				DEVELOPMENT_TEAM = 27V9B5N9MF;
				CLANG_ANALYZER_NONNULL = YES;
				CLANG_ANALYZER_NUMBER_OBJECT_CONVERSION = YES_AGGRESSIVE;
				CLANG_CXX_LANGUAGE_STANDARD = "gnu++20";
				CLANG_ENABLE_MODULES = YES;
				CLANG_ENABLE_OBJC_ARC = YES;
				CLANG_ENABLE_OBJC_WEAK = YES;
				CLANG_WARN_BLOCK_CAPTURE_AUTORELEASING = YES;
				CLANG_WARN_BOOL_CONVERSION = YES;
				CLANG_WARN_COMMA = YES;
				CLANG_WARN_CONSTANT_CONVERSION = YES;
				CLANG_WARN_DEPRECATED_OBJC_IMPLEMENTATIONS = YES;
				CLANG_WARN_DIRECT_OBJC_ISA_USAGE = YES_ERROR;
				CLANG_WARN_DOCUMENTATION_COMMENTS = YES;
				CLANG_WARN_EMPTY_BODY = YES;
				CLANG_WARN_ENUM_CONVERSION = YES;
				CLANG_WARN_INFINITE_RECURSION = YES;
				CLANG_WARN_INT_CONVERSION = YES;
				CLANG_WARN_NON_LITERAL_NULL_CONVERSION = YES;
				CLANG_WARN_OBJC_IMPLICIT_RETAIN_SELF = YES;
				CLANG_WARN_OBJC_LITERAL_CONVERSION = YES;
				CLANG_WARN_OBJC_ROOT_CLASS = YES_ERROR;
				CLANG_WARN_QUOTED_INCLUDE_IN_FRAMEWORK_HEADER = YES;
				CLANG_WARN_RANGE_LOOP_ANALYSIS = YES;
				CLANG_WARN_STRICT_PROTOTYPES = YES;
				CLANG_WARN_SUSPICIOUS_MOVE = YES;
				CLANG_WARN_UNGUARDED_AVAILABILITY = YES_AGGRESSIVE;
				CLANG_WARN_UNREACHABLE_CODE = YES;
				CLANG_WARN__DUPLICATE_METHOD_MATCH = YES;
				COPY_PHASE_STRIP = NO;
				DEBUG_INFORMATION_FORMAT = "dwarf-with-dsym";
				ENABLE_NS_ASSERTIONS = NO;
				ENABLE_STRICT_OBJC_MSGSEND = YES;
				ENABLE_USER_SCRIPT_SANDBOXING = YES;
				GCC_C_LANGUAGE_STANDARD = gnu17;
				GCC_NO_COMMON_BLOCKS = YES;
				GCC_WARN_64_TO_32_BIT_CONVERSION = YES;
				GCC_WARN_ABOUT_RETURN_TYPE = YES_ERROR;
				GCC_WARN_UNDECLARED_SELECTOR = YES;
				GCC_WARN_UNINITIALIZED_AUTOS = YES_AGGRESSIVE;
				GCC_WARN_UNUSED_FUNCTION = YES;
				GCC_WARN_UNUSED_VARIABLE = YES;
				LOCALIZATION_PREFERS_STRING_CATALOGS = YES;
				MACOSX_DEPLOYMENT_TARGET = 26.5;
				MTL_ENABLE_DEBUG_INFO = NO;
				MTL_FAST_MATH = YES;
				SDKROOT = macosx;
				SWIFT_COMPILATION_MODE = wholemodule;
			};
			name = Release;
		};
		467E521F3059992F00EDD734 /* Debug */ = {
			isa = XCBuildConfiguration;
			buildSettings = {
				ASSETCATALOG_COMPILER_APPICON_NAME = AppIcon;
				ASSETCATALOG_COMPILER_GLOBAL_ACCENT_COLOR_NAME = AccentColor;
				CODE_SIGN_ENTITLEMENTS = ShelfRow/ShelfRow.entitlements;
				CODE_SIGN_STYLE = Automatic;
				COMBINE_HIDPI_IMAGES = YES;
				CURRENT_PROJECT_VERSION = 1;
				ENABLE_APP_SANDBOX = YES;
				ENABLE_PREVIEWS = YES;
				ENABLE_USER_SELECTED_FILES = readwrite;
				GENERATE_INFOPLIST_FILE = YES;
				INFOPLIST_KEY_NSHumanReadableCopyright = "";
				LD_RUNPATH_SEARCH_PATHS = (
					"$(inherited)",
					"@executable_path/../Frameworks",
				);
				MARKETING_VERSION = 1.0;
				PRODUCT_BUNDLE_IDENTIFIER = com.eureka.ShelfRow;
				PRODUCT_NAME = "$(TARGET_NAME)";
				REGISTER_APP_GROUPS = YES;
				STRING_CATALOG_GENERATE_SYMBOLS = YES;
				SWIFT_APPROACHABLE_CONCURRENCY = YES;
				SWIFT_DEFAULT_ACTOR_ISOLATION = MainActor;
				SWIFT_EMIT_LOC_STRINGS = YES;
				SWIFT_UPCOMING_FEATURE_MEMBER_IMPORT_VISIBILITY = YES;
				SWIFT_VERSION = 5.0;
			};
			name = Debug;
		};
		467E52203059992F00EDD734 /* Release */ = {
			isa = XCBuildConfiguration;
			buildSettings = {
				ASSETCATALOG_COMPILER_APPICON_NAME = AppIcon;
				ASSETCATALOG_COMPILER_GLOBAL_ACCENT_COLOR_NAME = AccentColor;
				CODE_SIGN_ENTITLEMENTS = ShelfRow/ShelfRow.entitlements;
				CODE_SIGN_STYLE = Automatic;
				COMBINE_HIDPI_IMAGES = YES;
				CURRENT_PROJECT_VERSION = 1;
				ENABLE_APP_SANDBOX = YES;
				ENABLE_HARDENED_RUNTIME = YES;
				ENABLE_PREVIEWS = YES;
				ENABLE_USER_SELECTED_FILES = readwrite;
				GENERATE_INFOPLIST_FILE = YES;
				INFOPLIST_KEY_NSHumanReadableCopyright = "";
				LD_RUNPATH_SEARCH_PATHS = (
					"$(inherited)",
					"@executable_path/../Frameworks",
				);
				MARKETING_VERSION = 1.0;
				PRODUCT_BUNDLE_IDENTIFIER = com.eureka.ShelfRow;
				PRODUCT_NAME = "$(TARGET_NAME)";
				REGISTER_APP_GROUPS = YES;
				STRING_CATALOG_GENERATE_SYMBOLS = YES;
				SWIFT_APPROACHABLE_CONCURRENCY = YES;
				SWIFT_DEFAULT_ACTOR_ISOLATION = MainActor;
				SWIFT_EMIT_LOC_STRINGS = YES;
				SWIFT_UPCOMING_FEATURE_MEMBER_IMPORT_VISIBILITY = YES;
				SWIFT_VERSION = 5.0;
			};
			name = Release;
		};
		467E52223059992F00EDD734 /* Debug */ = {
			isa = XCBuildConfiguration;
			buildSettings = {
				BUNDLE_LOADER = "$(TEST_HOST)";
				CODE_SIGN_STYLE = Automatic;
				CURRENT_PROJECT_VERSION = 1;
				GENERATE_INFOPLIST_FILE = YES;
				MACOSX_DEPLOYMENT_TARGET = 26.5;
				MARKETING_VERSION = 1.0;
				PRODUCT_BUNDLE_IDENTIFIER = com.eureka.ShelfRowTests;
				PRODUCT_NAME = "$(TARGET_NAME)";
				STRING_CATALOG_GENERATE_SYMBOLS = NO;
				SWIFT_APPROACHABLE_CONCURRENCY = YES;
				SWIFT_EMIT_LOC_STRINGS = NO;
				SWIFT_UPCOMING_FEATURE_MEMBER_IMPORT_VISIBILITY = YES;
				SWIFT_VERSION = 5.0;
				TEST_HOST = "$(BUILT_PRODUCTS_DIR)/ShelfRow.app/$(BUNDLE_EXECUTABLE_FOLDER_PATH)/ShelfRow";
			};
			name = Debug;
		};
		467E52233059992F00EDD734 /* Release */ = {
			isa = XCBuildConfiguration;
			buildSettings = {
				BUNDLE_LOADER = "$(TEST_HOST)";
				CODE_SIGN_STYLE = Automatic;
				CURRENT_PROJECT_VERSION = 1;
				GENERATE_INFOPLIST_FILE = YES;
				MACOSX_DEPLOYMENT_TARGET = 26.5;
				MARKETING_VERSION = 1.0;
				PRODUCT_BUNDLE_IDENTIFIER = com.eureka.ShelfRowTests;
				PRODUCT_NAME = "$(TARGET_NAME)";
				STRING_CATALOG_GENERATE_SYMBOLS = NO;
				SWIFT_APPROACHABLE_CONCURRENCY = YES;
				SWIFT_EMIT_LOC_STRINGS = NO;
				SWIFT_UPCOMING_FEATURE_MEMBER_IMPORT_VISIBILITY = YES;
				SWIFT_VERSION = 5.0;
				TEST_HOST = "$(BUILT_PRODUCTS_DIR)/ShelfRow.app/$(BUNDLE_EXECUTABLE_FOLDER_PATH)/ShelfRow";
			};
			name = Release;
		};
		467E52253059992F00EDD734 /* Debug */ = {
			isa = XCBuildConfiguration;
			buildSettings = {
				CODE_SIGN_STYLE = Automatic;
				CURRENT_PROJECT_VERSION = 1;
				GENERATE_INFOPLIST_FILE = YES;
				MARKETING_VERSION = 1.0;
				PRODUCT_BUNDLE_IDENTIFIER = com.eureka.ShelfRowUITests;
				PRODUCT_NAME = "$(TARGET_NAME)";
				STRING_CATALOG_GENERATE_SYMBOLS = NO;
				SWIFT_APPROACHABLE_CONCURRENCY = YES;
				SWIFT_EMIT_LOC_STRINGS = NO;
				SWIFT_UPCOMING_FEATURE_MEMBER_IMPORT_VISIBILITY = YES;
				SWIFT_VERSION = 5.0;
				TEST_TARGET_NAME = ShelfRow;
			};
			name = Debug;
		};
		467E52263059992F00EDD734 /* Release */ = {
			isa = XCBuildConfiguration;
			buildSettings = {
				CODE_SIGN_STYLE = Automatic;
				CURRENT_PROJECT_VERSION = 1;
				GENERATE_INFOPLIST_FILE = YES;
				MARKETING_VERSION = 1.0;
				PRODUCT_BUNDLE_IDENTIFIER = com.eureka.ShelfRowUITests;
				PRODUCT_NAME = "$(TARGET_NAME)";
				STRING_CATALOG_GENERATE_SYMBOLS = NO;
				SWIFT_APPROACHABLE_CONCURRENCY = YES;
				SWIFT_EMIT_LOC_STRINGS = NO;
				SWIFT_UPCOMING_FEATURE_MEMBER_IMPORT_VISIBILITY = YES;
				SWIFT_VERSION = 5.0;
				TEST_TARGET_NAME = ShelfRow;
			};
			name = Release;
		};
/* End XCBuildConfiguration section */

/* Begin XCConfigurationList section */
		467E51F63059992E00EDD734 /* Build configuration list for PBXProject "ShelfRow" */ = {
			isa = XCConfigurationList;
			buildConfigurations = (
				467E521C3059992F00EDD734 /* Debug */,
				467E521D3059992F00EDD734 /* Release */,
			);
			defaultConfigurationIsVisible = 0;
			defaultConfigurationName = Release;
		};
		467E521E3059992F00EDD734 /* Build configuration list for PBXNativeTarget "ShelfRow" */ = {
			isa = XCConfigurationList;
			buildConfigurations = (
				467E521F3059992F00EDD734 /* Debug */,
				467E52203059992F00EDD734 /* Release */,
			);
			defaultConfigurationIsVisible = 0;
			defaultConfigurationName = Release;
		};
		467E52213059992F00EDD734 /* Build configuration list for PBXNativeTarget "ShelfRowTests" */ = {
			isa = XCConfigurationList;
			buildConfigurations = (
				467E52223059992F00EDD734 /* Debug */,
				467E52233059992F00EDD734 /* Release */,
			);
			defaultConfigurationIsVisible = 0;
			defaultConfigurationName = Release;
		};
		467E52243059992F00EDD734 /* Build configuration list for PBXNativeTarget "ShelfRowUITests" */ = {
			isa = XCConfigurationList;
			buildConfigurations = (
				467E52253059992F00EDD734 /* Debug */,
				467E52263059992F00EDD734 /* Release */,
			);
			defaultConfigurationIsVisible = 0;
			defaultConfigurationName = Release;
		};
/* End XCConfigurationList section */
	};
	rootObject = 467E51F33059992E00EDD734 /* Project object */;
}
